
Microsoft Visual Studio Solution File, Format Version 12.00
Project("{FAE04EC0-301F-11D3-BF4B-00C04F79EFBC}") = "GameApp", "GameApp\GameApp.csproj", "{C82AC8BC-C3EC-4853-9B05-833966F0E8BC}"
EndProject
Global
	GlobalSection(SolutionConfigurationPlatforms) = preSolution
		Debug|Any CPU = Debug|Any CPU
		Release|Any CPU = Release|Any CPU
	EndGlobalSection
	GlobalSection(ProjectConfigurationPlatforms) = postSolution
		{C82AC8BC-C3EC-4853-9B05-833966F0E8BC}.Debug|Any CPU.ActiveCfg = Debug|Any CPU
		{C82AC8BC-C3EC-4853-9B05-833966F0E8BC}.Debug|Any CPU.Build.0 = Debug|Any CPU
		{C82AC8BC-C3EC-4853-9B05-833966F0E8BC}.Release|Any CPU.ActiveCfg = Release|Any CPU
		{C82AC8BC-C3EC-4853-9B05-833966F0E8BC}.Release|Any CPU.Build.0 = Release|Any CPU
	EndGlobalSection
EndGlobal
